
Microsoft Visual Studio Solution File, Format Version 12.00
# Visual Studio Version 17
VisualStudioVersion = 17.0.31903.59
MinimumVisualStudioVersion = 10.0.40219.1
Project("{9A19103F-16F7-4668-BE54-9A1E7A4F7556}") = "BlazorWasmAuth.Core", "BlazorWasmAuth.Core\BlazorWasmAuth.Core.csproj", "{07AC6EC6-81BD-411E-9628-4D935571C782}"
EndProject
Project("{9A19103F-16F7-4668-BE54-9A1E7A4F7556}") = "BlazorWasmAuth.Api", "BlazorWasmAuth.Api\BlazorWasmAuth.Api.csproj", "{9F53648F-FA75-4A67-AC5F-A79E7365B7BC}"
EndProject
Project("{9A19103F-16F7-4668-BE54-9A1E7A4F7556}") = "BlazorWasmAuth.Web", "BlazorWasmAuth.Web\BlazorWasmAuth.Web.csproj", "{C4D03785-5F09-4B39-ADDB-EE48B5C4532E}"
EndProject
Global
	GlobalSection(SolutionConfigurationPlatforms) = preSolution
		Debug|Any CPU = Debug|Any CPU
		Release|Any CPU = Release|Any CPU
	EndGlobalSection
	GlobalSection(ProjectConfigurationPlatforms) = postSolution
		{07AC6EC6-81BD-411E-9628-4D935571C782}.Debug|Any CPU.ActiveCfg = Debug|Any CPU
		{07AC6EC6-81BD-411E-9628-4D935571C782}.Debug|Any CPU.Build.0 = Debug|Any CPU
		{07AC6EC6-81BD-411E-9628-4D935571C782}.Release|Any CPU.ActiveCfg = Release|Any CPU
		{07AC6EC6-81BD-411E-9628-4D935571C782}.Release|Any CPU.Build.0 = Release|Any CPU
		{9F53648F-FA75-4A67-AC5F-A79E7365B7BC}.Debug|Any CPU.ActiveCfg = Debug|Any CPU
		{9F53648F-FA75-4A67-AC5F-A79E7365B7BC}.Debug|Any CPU.Build.0 = Debug|Any CPU
		{9F53648F-FA75-4A67-AC5F-A79E7365B7BC}.Release|Any CPU.ActiveCfg = Release|Any CPU
		{9F53648F-FA75-4A67-AC5F-A79E7365B7BC}.Release|Any CPU.Build.0 = Release|Any CPU
		{C4D03785-5F09-4B39-ADDB-EE48B5C4532E}.Debug|Any CPU.ActiveCfg = Debug|Any CPU
		{C4D03785-5F09-4B39-ADDB-EE48B5C4532E}.Debug|Any CPU.Build.0 = Debug|Any CPU
		{C4D03785-5F09-4B39-ADDB-EE48B5C4532E}.Release|Any CPU.ActiveCfg = Release|Any CPU
		{C4D03785-5F09-4B39-ADDB-EE48B5C4532E}.Release|Any CPU.Build.0 = Release|Any CPU
	EndGlobalSection
	GlobalSection(SolutionProperties) = preSolution
		HideSolutionNode = FALSE
	EndGlobalSection
	GlobalSection(ExtensibilityGlobals) = postSolution
		SolutionGuid = {FDD5A854-3ED3-4CDE-BB93-368A6047DB5D}
	EndGlobalSection
EndGlobal
